
Microsoft Visual Studio Solution File, Format Version 12.00
# Visual Studio Version 16
VisualStudioVersion = 16.0.30621.155
MinimumVisualStudioVersion = 10.0.40219.1
Project("{888888A0-9F3D-457C-B088-3A5042F75D52}") = "bigdata", "bigdata\bigdata.pyproj", "{BBED9715-D86C-44A0-9DAA-E0056E4030B8}"
EndProject
Global
	GlobalSection(SolutionConfigurationPlatforms) = preSolution
		Debug|Any CPU = Debug|Any CPU
		Release|Any CPU = Release|Any CPU
	EndGlobalSection
	GlobalSection(ProjectConfigurationPlatforms) = postSolution
		{BBED9715-D86C-44A0-9DAA-E0056E4030B8}.Debug|Any CPU.ActiveCfg = Debug|Any CPU
		{BBED9715-D86C-44A0-9DAA-E0056E4030B8}.Release|Any CPU.ActiveCfg = Release|Any CPU
	EndGlobalSection
	GlobalSection(SolutionProperties) = preSolution
		HideSolutionNode = FALSE
	EndGlobalSection
	GlobalSection(ExtensibilityGlobals) = postSolution
		SolutionGuid = {9D4C12B0-D41F-47C6-A96B-7EA0DBC1788D}
	EndGlobalSection
EndGlobal
